
Microsoft Visual Studio Solution File, Format Version 12.00
# Visual Studio Version 17
VisualStudioVersion = 17.14.36414.22 d17.14
MinimumVisualStudioVersion = 10.0.40219.1
Project("{FAE04EC0-301F-11D3-BF4B-00C04F79EFBC}") = "PauloPong", "PauloPong\PauloPong.csproj", "{4BC1A4DB-6025-42DC-BF0F-CEF1CED68A8B}"
EndProject
Project("{FAE04EC0-301F-11D3-BF4B-00C04F79EFBC}") = "PauloPong.Core", "PauloPong.Core\PauloPong.Core.csproj", "{48C9B32B-DA0D-483B-BD19-B9CF20118552}"
EndProject
Project("{FAE04EC0-301F-11D3-BF4B-00C04F79EFBC}") = "PauloPong.Library", "PauloPong.Library\PauloPong.Library.csproj", "{A0E27D96-0B64-6D2F-1ADA-6432EED77213}"
EndProject
Global
	GlobalSection(SolutionConfigurationPlatforms) = preSolution
		Debug|Any CPU = Debug|Any CPU
		Release|Any CPU = Release|Any CPU
	EndGlobalSection
	GlobalSection(ProjectConfigurationPlatforms) = postSolution
		{4BC1A4DB-6025-42DC-BF0F-CEF1CED68A8B}.Debug|Any CPU.ActiveCfg = Debug|Any CPU
		{4BC1A4DB-6025-42DC-BF0F-CEF1CED68A8B}.Debug|Any CPU.Build.0 = Debug|Any CPU
		{4BC1A4DB-6025-42DC-BF0F-CEF1CED68A8B}.Release|Any CPU.ActiveCfg = Release|Any CPU
		{4BC1A4DB-6025-42DC-BF0F-CEF1CED68A8B}.Release|Any CPU.Build.0 = Release|Any CPU
		{48C9B32B-DA0D-483B-BD19-B9CF20118552}.Debug|Any CPU.ActiveCfg = Debug|Any CPU
		{48C9B32B-DA0D-483B-BD19-B9CF20118552}.Debug|Any CPU.Build.0 = Debug|Any CPU
		{48C9B32B-DA0D-483B-BD19-B9CF20118552}.Release|Any CPU.ActiveCfg = Release|Any CPU
		{48C9B32B-DA0D-483B-BD19-B9CF20118552}.Release|Any CPU.Build.0 = Release|Any CPU
		{A0E27D96-0B64-6D2F-1ADA-6432EED77213}.Debug|Any CPU.ActiveCfg = Debug|Any CPU
		{A0E27D96-0B64-6D2F-1ADA-6432EED77213}.Debug|Any CPU.Build.0 = Debug|Any CPU
		{A0E27D96-0B64-6D2F-1ADA-6432EED77213}.Release|Any CPU.ActiveCfg = Release|Any CPU
		{A0E27D96-0B64-6D2F-1ADA-6432EED77213}.Release|Any CPU.Build.0 = Release|Any CPU
	EndGlobalSection
	GlobalSection(SolutionProperties) = preSolution
		HideSolutionNode = FALSE
	EndGlobalSection
	GlobalSection(ExtensibilityGlobals) = postSolution
		SolutionGuid = {73F9055D-A141-42DD-8B51-A9F4BAD0587E}
	EndGlobalSection
EndGlobal
